// !$*UTF8*$!
{
	archiveVersion = 1;
	classes = {
	};
	objectVersion = 50;
	objects = {

/* Begin PBXBuildFile section */
		FA7CECFA21B226130094AFAF /* AppDelegate.swift in Sources */ = {isa = PBXBuildFile; fileRef = FA7CECF921B226130094AFAF /* AppDelegate.swift */; };
		FA7CECFC21B226130094AFAF /* ViewController.swift in Sources */ = {isa = PBXBuildFile; fileRef = FA7CECFB21B226130094AFAF /* ViewController.swift */; };
		FA7CECFF21B226130094AFAF /* Main.storyboard in Resources */ = {isa = PBXBuildFile; fileRef = F