// !$*UTF8*$!
{
	archiveVersion = 1;
	classes = {
	};
	objectVersion = 50;
	objects = {

/* Begin PBXBuildFile section */
		FA7CECFA21B226130094AFAF /* AppDelegate.swift in Sources */ = {isa = PBXBuildFile; fileRef = FA7CECF921B226130094AFAF /* AppDelegate.swift */; };
		FA7CECFC21B226130094AFAF /* ViewController.swift in Sources */ = {isa = PBXBuildFile; fileRef = FA7CECFB21B226130094AFAF /* ViewController.swift */; };
		FA7CECFF21B226130094AFAF /* Main.storyboard in Resources */ = {isa = PBXBuildFile; fileRef = FA7CECFD21B226130094AFAF /* Main.storyboard */; };
		FA7CED0121B226170094AFAF /* Assets.xcassets in Resources */ = {isa = PBXBuildFile; fileRef = FA7CED0021B226170094AFAF /* Assets.xcassets */; };
		FA7CED0421B226170094AFAF /* LaunchScreen.storyboard in Resources */ = {isa = PBXBuildFile; fileRef = FA7CED0221B226170094AFAF /* LaunchScreen.storyboard */; };
		FA7CED0F21B226170094AFAF /* MachineLearningVisionTests.swift in Sources */ = {isa = PBXBuildFile; fileRef = FA7CED0E21B226170094AFAF /* MachineLearningVisionTests.swift */; };
		FA7CED1A21B226170094AFAF /* MachineLearningVisionUITests.swift in Sources */ = {isa = PBXBuildFile; fileRef = FA7CED1921B226170094AFAF /* MachineLearningVisionUITests.swift */; };
		FA7CED2821B6403C0094AFAF /* VGG16.mlmodel in Sources */ = {isa = PBXBuildFile; fileRef = FA7CED2721B6403C0094AFAF /* VGG16.mlmodel */; };
		FA7CED2A21B656B90094AFAF /* ImageProcessor.swift in Sources */ = {isa = PBXBuildFile; fileRef = FA7CED2921B656B90094AFAF /* ImageProcessor.swift */; };
/* End PBXBuildFile section */

/* Begin PBXContainerItemProxy section */
		FA7CED0B21B226170094AFAF /* PBXContainerItemProxy */ = {
			isa = PBXContainerItemProxy;
			containerPortal = FA7CECEE21B226130094AFAF /* 